<?xml version="1.0" encoding="utf-8"?>
<Project ToolsVersion="4.0" xmlns="http://schemas.microsoft.com/developer/msbuild/2003">
  <ItemGroup>
    <Filter Include="소스 파일">
      <UniqueIdentifier>{4FC737F1-C7A5-4376-A066-2A32D752A2FF}</UniqueIdentifier>
      <Extensions>cpp;c;cc;cxx;c++;cppm;ixx;def;odl;idl;hpj;bat;asm;asmx</Extensions>
    </Filter>
    <Filter Include="헤더 파일">
      <UniqueIdentifier>{93995380-89BD-4b04-88EB-625FBE52EBFB}</UniqueIdentifier>
      <Extensions>h;hh;hpp;hxx;h++;hm;inl;inc;ipp;xsd</Extensions>
    </Filter>
    <Filter Include="리소스 파일">
      <UniqueIdentifier>{67DA6AB6-F800-4c08-8B7A-83BB121AAD01}</UniqueIdentifier>
      <Extensions>rc;ico;cur;bmp;dlg;rc2;rct;bin;rgs;gif;jpg;jpeg;jpe;resx;tiff;tif;png;wav;mfcribbon-ms</Extensions>
    </Filter>
    <Filter Include="소스 파일\problem">
      <UniqueIdentifier>{1e0c5196-acfa-4657-a5fd-29565b685f7d}</UniqueIdentifier>
    </Filter>
    <Filter Include="헤더 파일\problem">
      <UniqueIdentifier>{fd51f78e-ca12-482f-98d9-91ad88c5dca4}</UniqueIdentifier>
    </Filter>
  </ItemGroup>
  <ItemGroup>
    <ClCompile Include="main.cpp">
      <Filter>소스 파일</Filter>
    </ClCompile>
    <ClCompile Include="입국심사.cpp">
      <Filter>소스 파일\problem</Filter>
    </ClCompile>
    <ClCompile Include="가장_먼_노드.cpp">
      <Filter>소스 파일\problem</Filter>
    </ClCompile>
    <ClCompile Include="브라이언의_고민.cpp">
      <Filter>소스 파일\problem</Filter>
    </ClCompile>
    <ClCompile Include="리틀_프렌즈_사천성.cpp">
      <Filter>소스 파일\problem</Filter>
    </ClCompile>
    <ClCompile Include="전화번호_목록.cpp">
      <Filter>소스 파일\problem</Filter>
    </ClCompile>
    <ClCompile Include="프린터.cpp">
      <Filter>소스 파일\problem</Filter>
    </ClCompile>
    <ClCompile Include="디스크_컨트롤러.cpp">
      <Filter>소스 파일\problem</Filter>
    </ClCompile>
    <ClCompile Include="가장_큰_수.cpp">
      <Filter>소스 파일\problem</Filter>
    </ClCompile>
    <ClCompile Include="소수_찾기.cpp">
      <Filter>소스 파일\problem</Filter>
    </ClCompile>
    <ClCompile Include="조이스틱.cpp">
      <Filter>소스 파일\problem</Filter>
    </ClCompile>
    <ClCompile Include="정수_삼각형.cpp">
      <Filter>소스 파일\problem</Filter>
    </ClCompile>
    <ClCompile Include="네트워크.cpp">
      <Filter>소스 파일\problem</Filter>
    </ClCompile>
    <ClCompile Include="게임_맵_최단거리.cpp">
      <Filter>소스 파일\problem</Filter>
    </ClCompile>
    <ClCompile Include="예상_대진표.cpp">
      <Filter>소스 파일\problem</Filter>
    </ClCompile>
    <ClCompile Include="순위.cpp">
      <Filter>소스 파일\problem</Filter>
    </ClCompile>
  </ItemGroup>
  <ItemGroup>
    <ClInclude Include="main_header.h">
      <Filter>헤더 파일</Filter>
    </ClInclude>
    <ClInclude Include="입국심사.h">
      <Filter>헤더 파일\problem</Filter>
    </ClInclude>
    <ClInclude Include="가장_먼_노드.h">
      <Filter>헤더 파일\problem</Filter>
    </ClInclude>
    <ClInclude Include="브라이언의_고민.h">
      <Filter>헤더 파일\problem</Filter>
    </ClInclude>
    <ClInclude Include="리틀_프렌즈_사천성.h">
      <Filter>헤더 파일\problem</Filter>
    </ClInclude>
    <ClInclude Include="전화번호_목록.h">
      <Filter>헤더 파일\problem</Filter>
    </ClInclude>
    <ClInclude Include="프린터.h">
      <Filter>헤더 파일\problem</Filter>
    </ClInclude>
    <ClInclude Include="디스크_컨트롤러.h">
      <Filter>헤더 파일\problem</Filter>
    </ClInclude>
    <ClInclude Include="가장_큰_수.h">
      <Filter>헤더 파일\problem</Filter>
    </ClInclude>
    <ClInclude Include="소수_찾기.h">
      <Filter>헤더 파일\problem</Filter>
    </ClInclude>
    <ClInclude Include="조이스틱.h">
      <Filter>헤더 파일\problem</Filter>
    </ClInclude>
    <ClInclude Include="정수_삼각형.h">
      <Filter>헤더 파일\problem</Filter>
    </ClInclude>
    <ClInclude Include="네트워크.h">
      <Filter>헤더 파일\problem</Filter>
    </ClInclude>
    <ClInclude Include="게임_맵_최단거리.h">
      <Filter>헤더 파일\problem</Filter>
    </ClInclude>
    <ClInclude Include="예상_대진표.h">
      <Filter>헤더 파일\problem</Filter>
    </ClInclude>
    <ClInclude Include="순위.h">
      <Filter>헤더 파일\problem</Filter>
    </ClInclude>
  </ItemGroup>
</Project>