<?xml version="1.0" encoding="utf-8"?>
<Project ToolsVersion="4.0" xmlns="http://schemas.microsoft.com/developer/msbuild/2003">
  <ItemGroup>
    <Filter Include="소스 파일">
      <UniqueIdentifier>{4FC737F1-C7A5-4376-A066-2A32D752A2FF}</UniqueIdentifier>
      <Extensions>cpp;c;cc;cxx;c++;cppm;ixx;def;odl;idl;hpj;bat;asm;asmx</Extensions>
    </Filter>
    <Filter Include="헤더 파일">
      <UniqueIdentifier>{93995380-89BD-4b04-88EB-625FBE52EBFB}</UniqueIdentifier>
      <Extensions>h;hh;hpp;hxx;h++;hm;inl;inc;ipp;xsd</Extensions>
    </Filter>
    <Filter Include="리소스 파일">
      <UniqueIdentifier>{67DA6AB6-F800-4c08-8B7A-83BB121AAD01}</UniqueIdentifier>
      <Extensions>rc;ico;cur;bmp;dlg;rc2;rct;bin;rgs;gif;jpg;jpeg;jpe;resx;tiff;tif;png;wav;mfcribbon-ms</Extensions>
    </Filter>
    <Filter Include="소스 파일\problem">
      <UniqueIdentifier>{1e0c5196-acfa-4657-a5fd-29565b685f7d}</UniqueIdentifier>
    </Filter>
    <Filter Include="헤더 파일\problem">
      <UniqueIdentifier>{fd51f78e-ca12-482f-98d9-91ad88c5dca4}</UniqueIdentifier>
    </Filter>
  </ItemGroup>
  <ItemGroup>
    <ClCompile Include="main.cpp">
      <Filter>소스 파일</Filter>
    </ClCompile>
    <ClCompile Include="입국심사.cpp">
      <Filter>소스 파일\problem</Filter>
    </ClCompile>
    <ClCompile Include="가장_먼_노드.cpp">
      <Filter>소스 파일\problem</Filter>
    </ClCompile>
    <ClCompile Include="브라이언의_고민.cpp">
      <Filter>소스 파일\problem</Filter>
    </ClCompile>
    <ClCompile Include="리틀_프렌즈_사천성.cpp">
      <Filter>소스 파일\problem</Filter>
    </ClCompile>
    <ClCompile Include="전화번호_목록.cpp">
      <Filter>소스 파일\problem</Filter>
    </ClCompile>
    <ClCompile Include="프린터.cpp">
      <Filter>소스 파일\problem</Filter>
    </ClCompile>
    <ClCompile Include="디스크_컨트롤러.cpp">
      <Filter>소스 파일\problem</Filter>
    </ClCompile>
    <ClCompile Include="가장_큰_수.cpp">
      <Filter>소스 파일\problem</Filter>
    </ClCompile>
    <ClCompile Include="소수_찾기.cpp">
      <Filter>소스 파일\problem</Filter>
    </ClCompile>
    <ClCompile Include="조이스틱.cpp">
      <Filter>소스 파일\problem</Filter>
    </ClCompile>
    <ClCompile Include="정수_삼각형.cpp">
      <Filter>소스 파일\problem</Filter>
    </ClCompile>
    <ClCompile Include="네트워크.cpp">
      <Filter>소스 파일\problem</Filter>
    </ClCompile>
    <ClCompile Include="게임_맵_최단거리.cpp">
      <Filter>소스 파일\problem</Filter>
    </ClCompile>
    <ClCompile Include="예상_대진표.cpp">
      <Filter>소스 파일\problem</Filter>
    </ClCompile>
    <ClCompile Include="순위.cpp">
      <Filter>소스 파일\problem</Filter>
    </ClCompile>
    <ClCompile Include="GPS.cpp">
      <Filter>소스 파일\problem</Filter>
    </ClCompile>
    <ClCompile Include="금과_은_운반하기.cpp">
      <Filter>소스 파일\problem</Filter>
    </ClCompile>
    <ClCompile Include="괄호_회전하기.cpp">
      <Filter>소스 파일\problem</Filter>
    </ClCompile>
    <ClCompile Include="2xn_타일링.cpp">
      <Filter>소스 파일\problem</Filter>
    </ClCompile>
    <ClCompile Include="위장.cpp">
      <Filter>소스 파일\problem</Filter>
    </ClCompile>
    <ClCompile Include="다리를_지나는_트럭.cpp">
      <Filter>소스 파일\problem</Filter>
    </ClCompile>
    <ClCompile Include="이중우선순위큐.cpp">
      <Filter>소스 파일\problem</Filter>
    </ClCompile>
    <ClCompile Include="H-Index.cpp">
      <Filter>소스 파일\problem</Filter>
    </ClCompile>
    <ClCompile Include="카펫.cpp">
      <Filter>소스 파일\problem</Filter>
    </ClCompile>
    <ClCompile Include="큰_수_만들기.cpp">
      <Filter>소스 파일\problem</Filter>
    </ClCompile>
    <ClCompile Include="등굣길.cpp">
      <Filter>소스 파일\problem</Filter>
    </ClCompile>
    <ClCompile Include="단어_변환.cpp">
      <Filter>소스 파일\problem</Filter>
    </ClCompile>
    <ClCompile Include="피로도.cpp">
      <Filter>소스 파일\problem</Filter>
    </ClCompile>
    <ClCompile Include="몸짱_트레이너_라이언의_고민.cpp">
      <Filter>소스 파일\problem</Filter>
    </ClCompile>
    <ClCompile Include="2개_이하로_다른_비트.cpp">
      <Filter>소스 파일\problem</Filter>
    </ClCompile>
    <ClCompile Include="베스트앨범.cpp">
      <Filter>소스 파일</Filter>
    </ClCompile>
    <ClCompile Include="주식가격.cpp">
      <Filter>소스 파일\problem</Filter>
    </ClCompile>
    <ClCompile Include="구명보트.cpp">
      <Filter>소스 파일\problem</Filter>
    </ClCompile>
    <ClCompile Include="아이템_줍기.cpp">
      <Filter>소스 파일\problem</Filter>
    </ClCompile>
    <ClCompile Include="교점에_별_만들기.cpp">
      <Filter>소스 파일\problem</Filter>
    </ClCompile>
    <ClCompile Include="전력망을_둘로_나누기.cpp">
      <Filter>소스 파일\problem</Filter>
    </ClCompile>
    <ClCompile Include="모음사전.cpp">
      <Filter>소스 파일\problem</Filter>
    </ClCompile>
    <ClCompile Include="캠핑.cpp">
      <Filter>소스 파일\problem</Filter>
    </ClCompile>
    <ClCompile Include="모두_0으로_만들기.cpp">
      <Filter>소스 파일\problem</Filter>
    </ClCompile>
    <ClCompile Include="이진_변환_반복하기.cpp">
      <Filter>소스 파일\problem</Filter>
    </ClCompile>
    <ClCompile Include="3xn_타일링.cpp">
      <Filter>소스 파일\problem</Filter>
    </ClCompile>
    <ClCompile Include="섬_연결하기.cpp">
      <Filter>소스 파일\problem</Filter>
    </ClCompile>
    <ClCompile Include="n^2_배열_자르기.cpp">
      <Filter>소스 파일\problem</Filter>
    </ClCompile>
    <ClCompile Include="쿼드압축_후_개수_세기.cpp">
      <Filter>소스 파일\problem</Filter>
    </ClCompile>
    <ClCompile Include="110_옮기기.cpp">
      <Filter>소스 파일\problem</Filter>
    </ClCompile>
    <ClCompile Include="단속카메라.cpp">
      <Filter>소스 파일\problem</Filter>
    </ClCompile>
    <ClCompile Include="공_이동_시뮬레이션.cpp">
      <Filter>소스 파일\problem</Filter>
    </ClCompile>
    <ClCompile Include="가장_긴_팰린드롬.cpp">
      <Filter>소스 파일\problem</Filter>
    </ClCompile>
    <ClCompile Include="스타_수열.cpp">
      <Filter>소스 파일\problem</Filter>
    </ClCompile>
    <ClCompile Include="가장_큰_정사각형_찾기.cpp">
      <Filter>소스 파일\problem</Filter>
    </ClCompile>
    <ClCompile Include="올바른_괄호.cpp">
      <Filter>소스 파일\problem</Filter>
    </ClCompile>
    <ClCompile Include="거스름돈.cpp">
      <Filter>소스 파일\problem</Filter>
    </ClCompile>
    <ClCompile Include="다음_큰_숫자.cpp">
      <Filter>소스 파일\problem</Filter>
    </ClCompile>
    <ClCompile Include="땅따먹기.cpp">
      <Filter>소스 파일\problem</Filter>
    </ClCompile>
    <ClCompile Include="멀리_뛰기.cpp">
      <Filter>소스 파일\problem</Filter>
    </ClCompile>
    <ClCompile Include="k진수에서_소수_개수_구하기.cpp">
      <Filter>소스 파일\problem</Filter>
    </ClCompile>
  </ItemGroup>
  <ItemGroup>
    <ClInclude Include="main_header.h">
      <Filter>헤더 파일</Filter>
    </ClInclude>
    <ClInclude Include="입국심사.h">
      <Filter>헤더 파일\problem</Filter>
    </ClInclude>
    <ClInclude Include="가장_먼_노드.h">
      <Filter>헤더 파일\problem</Filter>
    </ClInclude>
    <ClInclude Include="브라이언의_고민.h">
      <Filter>헤더 파일\problem</Filter>
    </ClInclude>
    <ClInclude Include="리틀_프렌즈_사천성.h">
      <Filter>헤더 파일\problem</Filter>
    </ClInclude>
    <ClInclude Include="전화번호_목록.h">
      <Filter>헤더 파일\problem</Filter>
    </ClInclude>
    <ClInclude Include="프린터.h">
      <Filter>헤더 파일\problem</Filter>
    </ClInclude>
    <ClInclude Include="디스크_컨트롤러.h">
      <Filter>헤더 파일\problem</Filter>
    </ClInclude>
    <ClInclude Include="가장_큰_수.h">
      <Filter>헤더 파일\problem</Filter>
    </ClInclude>
    <ClInclude Include="소수_찾기.h">
      <Filter>헤더 파일\problem</Filter>
    </ClInclude>
    <ClInclude Include="조이스틱.h">
      <Filter>헤더 파일\problem</Filter>
    </ClInclude>
    <ClInclude Include="정수_삼각형.h">
      <Filter>헤더 파일\problem</Filter>
    </ClInclude>
    <ClInclude Include="네트워크.h">
      <Filter>헤더 파일\problem</Filter>
    </ClInclude>
    <ClInclude Include="게임_맵_최단거리.h">
      <Filter>헤더 파일\problem</Filter>
    </ClInclude>
    <ClInclude Include="예상_대진표.h">
      <Filter>헤더 파일\problem</Filter>
    </ClInclude>
    <ClInclude Include="순위.h">
      <Filter>헤더 파일\problem</Filter>
    </ClInclude>
    <ClInclude Include="GPS.h">
      <Filter>헤더 파일\problem</Filter>
    </ClInclude>
    <ClInclude Include="금과_은_운반하기.h">
      <Filter>헤더 파일\problem</Filter>
    </ClInclude>
    <ClInclude Include="괄호_회전하기.h">
      <Filter>헤더 파일\problem</Filter>
    </ClInclude>
    <ClInclude Include="2xn_타일링.h">
      <Filter>헤더 파일\problem</Filter>
    </ClInclude>
    <ClInclude Include="위장.h">
      <Filter>헤더 파일\problem</Filter>
    </ClInclude>
    <ClInclude Include="다리를_지나는_트럭.h">
      <Filter>헤더 파일\problem</Filter>
    </ClInclude>
    <ClInclude Include="이중우선순위큐.h">
      <Filter>헤더 파일\problem</Filter>
    </ClInclude>
    <ClInclude Include="H-Index.h">
      <Filter>헤더 파일\problem</Filter>
    </ClInclude>
    <ClInclude Include="카펫.h">
      <Filter>헤더 파일\problem</Filter>
    </ClInclude>
    <ClInclude Include="큰_수_만들기.h">
      <Filter>헤더 파일\problem</Filter>
    </ClInclude>
    <ClInclude Include="등굣길.h">
      <Filter>헤더 파일\problem</Filter>
    </ClInclude>
    <ClInclude Include="단어_변환.h">
      <Filter>헤더 파일\problem</Filter>
    </ClInclude>
    <ClInclude Include="피로도.h">
      <Filter>헤더 파일\problem</Filter>
    </ClInclude>
    <ClInclude Include="몸짱_트레이너_라이언의_고민.h">
      <Filter>헤더 파일\problem</Filter>
    </ClInclude>
    <ClInclude Include="2개_이하로_다른_비트.h">
      <Filter>헤더 파일\problem</Filter>
    </ClInclude>
    <ClInclude Include="베스트앨범.h">
      <Filter>헤더 파일\problem</Filter>
    </ClInclude>
    <ClInclude Include="주식가격.h">
      <Filter>헤더 파일\problem</Filter>
    </ClInclude>
    <ClInclude Include="구명보트.h">
      <Filter>헤더 파일\problem</Filter>
    </ClInclude>
    <ClInclude Include="아이템_줍기.h">
      <Filter>헤더 파일\problem</Filter>
    </ClInclude>
    <ClInclude Include="교점에_별_만들기.h">
      <Filter>헤더 파일\problem</Filter>
    </ClInclude>
    <ClInclude Include="전력망을_둘로_나누기.h">
      <Filter>헤더 파일\problem</Filter>
    </ClInclude>
    <ClInclude Include="모음사전.h">
      <Filter>헤더 파일\problem</Filter>
    </ClInclude>
    <ClInclude Include="캠핑.h">
      <Filter>헤더 파일\problem</Filter>
    </ClInclude>
    <ClInclude Include="모두_0으로_만들기.h">
      <Filter>헤더 파일\problem</Filter>
    </ClInclude>
    <ClInclude Include="이진_변환_반복하기.h">
      <Filter>헤더 파일\problem</Filter>
    </ClInclude>
    <ClInclude Include="3xn_타일링.h">
      <Filter>헤더 파일\problem</Filter>
    </ClInclude>
    <ClInclude Include="섬_연결하기.h">
      <Filter>헤더 파일\problem</Filter>
    </ClInclude>
    <ClInclude Include="n^2_배열_자르기.h">
      <Filter>헤더 파일\problem</Filter>
    </ClInclude>
    <ClInclude Include="쿼드압축_후_개수_세기.h">
      <Filter>헤더 파일\problem</Filter>
    </ClInclude>
    <ClInclude Include="110_옮기기.h">
      <Filter>헤더 파일\problem</Filter>
    </ClInclude>
    <ClInclude Include="단속카메라.h">
      <Filter>헤더 파일\problem</Filter>
    </ClInclude>
    <ClInclude Include="공_이동_시뮬레이션.h">
      <Filter>헤더 파일\problem</Filter>
    </ClInclude>
    <ClInclude Include="가장_긴_팰린드롬.h">
      <Filter>헤더 파일\problem</Filter>
    </ClInclude>
    <ClInclude Include="스타_수열.h">
      <Filter>헤더 파일\problem</Filter>
    </ClInclude>
    <ClInclude Include="가장_큰_정사각형_찾기.h">
      <Filter>헤더 파일\problem</Filter>
    </ClInclude>
    <ClInclude Include="올바른_괄호.h">
      <Filter>헤더 파일\problem</Filter>
    </ClInclude>
    <ClInclude Include="거스름돈.h">
      <Filter>헤더 파일\problem</Filter>
    </ClInclude>
    <ClInclude Include="다음_큰_숫자.h">
      <Filter>헤더 파일\problem</Filter>
    </ClInclude>
    <ClInclude Include="땅따먹기.h">
      <Filter>헤더 파일\problem</Filter>
    </ClInclude>
    <ClInclude Include="멀리_뛰기.h">
      <Filter>헤더 파일\problem</Filter>
    </ClInclude>
    <ClInclude Include="k진수에서_소수_개수_구하기.h">
      <Filter>헤더 파일\problem</Filter>
    </ClInclude>
  </ItemGroup>
</Project>